
Microsoft Visual Studio Solution File, Format Version 12.00
# Visual Studio 2015
Project("{FAE04EC0-301F-11D3-BF4B-00C04F79EFBC}") = "2dtutorial.CSharp", "2dtutorial.CSharp.csproj", "{740B1A18-5419-5DC2-AFB4-EF0A22030167}"
EndProject
Global
	GlobalSection(SolutionConfigurationPlatforms) = preSolution
		Debug|Any CPU = Debug|Any CPU
		Release|Any CPU = Release|Any CPU
	EndGlobalSection
	GlobalSection(ProjectConfigurationPlatforms) = postSolution
		{740B1A18-5419-5DC2-AFB4-EF0A22030167}.Debug|Any CPU.ActiveCfg = Debug|Any CPU
		{740B1A18-5419-5DC2-AFB4-EF0A22030167}.Debug|Any CPU.Build.0 = Debug|Any CPU
		{740B1A18-5419-5DC2-AFB4-EF0A22030167}.Release|Any CPU.ActiveCfg = Release|Any CPU
		{740B1A18-5419-5DC2-AFB4-EF0A22030167}.Release|Any CPU.Build.0 = Release|Any CPU
	EndGlobalSection
	GlobalSection(SolutionProperties) = preSolution
		HideSolutionNode = FALSE
	EndGlobalSection
EndGlobal
